
Microsoft Visual Studio Solution File, Format Version 12.00
# Visual Studio Version 17
VisualStudioVersion = 17.5.002.0
MinimumVisualStudioVersion = 10.0.40219.1
Project("{9A19103F-16F7-4668-BE54-9A1E7A4F7556}") = "FlightApi", "FlightApi.csproj", "{B80BD43B-25AB-43BB-A8CD-878A2ED0CEF7}"
EndProject
Global
	GlobalSection(SolutionConfigurationPlatforms) = preSolution
		Debug|Any CPU = Debug|Any CPU
		Release|Any CPU = Release|Any CPU
	EndGlobalSection
	GlobalSection(ProjectConfigurationPlatforms) = postSolution
		{B80BD43B-25AB-43BB-A8CD-878A2ED0CEF7}.Debug|Any CPU.ActiveCfg = Debug|Any CPU
		{B80BD43B-25AB-43BB-A8CD-878A2ED0CEF7}.Debug|Any CPU.Build.0 = Debug|Any CPU
		{B80BD43B-25AB-43BB-A8CD-878A2ED0CEF7}.Release|Any CPU.ActiveCfg = Release|Any CPU
		{B80BD43B-25AB-43BB-A8CD-878A2ED0CEF7}.Release|Any CPU.Build.0 = Release|Any CPU
	EndGlobalSection
	GlobalSection(SolutionProperties) = preSolution
		HideSolutionNode = FALSE
	EndGlobalSection
	GlobalSection(ExtensibilityGlobals) = postSolution
		SolutionGuid = {6826FB92-1B4E-4137-9650-286C31224F49}
	EndGlobalSection
EndGlobal
